
Microsoft Visual Studio Solution File, Format Version 12.00
# Visual Studio 15
Project("{FAE04EC0-301F-11D3-BF4B-00C04F79EFBC}") = "truckplanner-app", "truckplanner-app\truckplanner-app.csproj", "{7ED6896E-EF9D-45D3-853B-D6BBBA7DC4D9}"
EndProject
Project("{FAE04EC0-301F-11D3-BF4B-00C04F79EFBC}") = "truckplanner-business", "truckplanner-business\truckplanner-business.csproj", "{7A3C0A07-A815-4547-B2AB-38AAB72D4C89}"
EndProject
Project("{FAE04EC0-301F-11D3-BF4B-00C04F79EFBC}") = "truckplanner-model", "model\truckplanner-model.csproj", "{ACA79A5F-B788-4BE3-B1AE-6E58B626BB38}"
EndProject
Project("{FAE04EC0-301F-11D3-BF4B-00C04F79EFBC}") = "tests", "tests\tests.csproj", "{B5CE9819-8DF5-47A9-A02D-191FDC6F004B}"
EndProject
Global
	GlobalSection(SolutionConfigurationPlatforms) = preSolution
		Debug|Any CPU = Debug|Any CPU
		Release|Any CPU = Release|Any CPU
	EndGlobalSection
	GlobalSection(ProjectConfigurationPlatforms) = postSolution
		{7ED6896E-EF9D-45D3-853B-D6BBBA7DC4D9}.Debug|Any CPU.ActiveCfg = Debug|Any CPU
		{7ED6896E-EF9D-45D3-853B-D6BBBA7DC4D9}.Debug|Any CPU.Build.0 = Debug|Any CPU
		{7ED6896E-EF9D-45D3-853B-D6BBBA7DC4D9}.Release|Any CPU.ActiveCfg = Release|Any CPU
		{7ED6896E-EF9D-45D3-853B-D6BBBA7DC4D9}.Release|Any CPU.Build.0 = Release|Any CPU
		{7A3C0A07-A815-4547-B2AB-38AAB72D4C89}.Debug|Any CPU.ActiveCfg = Debug|Any CPU
		{7A3C0A07-A815-4547-B2AB-38AAB72D4C89}.Debug|Any CPU.Build.0 = Debug|Any CPU
		{7A3C0A07-A815-4547-B2AB-38AAB72D4C89}.Release|Any CPU.ActiveCfg = Release|Any CPU
		{7A3C0A07-A815-4547-B2AB-38AAB72D4C89}.Release|Any CPU.Build.0 = Release|Any CPU
		{ACA79A5F-B788-4BE3-B1AE-6E58B626BB38}.Debug|Any CPU.ActiveCfg = Debug|Any CPU
		{ACA79A5F-B788-4BE3-B1AE-6E58B626BB38}.Debug|Any CPU.Build.0 = Debug|Any CPU
		{ACA79A5F-B788-4BE3-B1AE-6E58B626BB38}.Release|Any CPU.ActiveCfg = Release|Any CPU
		{ACA79A5F-B788-4BE3-B1AE-6E58B626BB38}.Release|Any CPU.Build.0 = Release|Any CPU
		{B5CE9819-8DF5-47A9-A02D-191FDC6F004B}.Debug|Any CPU.ActiveCfg = Debug|Any CPU
		{B5CE9819-8DF5-47A9-A02D-191FDC6F004B}.Debug|Any CPU.Build.0 = Debug|Any CPU
		{B5CE9819-8DF5-47A9-A02D-191FDC6F004B}.Release|Any CPU.ActiveCfg = Release|Any CPU
		{B5CE9819-8DF5-47A9-A02D-191FDC6F004B}.Release|Any CPU.Build.0 = Release|Any CPU
	EndGlobalSection
EndGlobal
