
Microsoft Visual Studio Solution File, Format Version 12.00
# Visual Studio 15
Project("{FAE04EC0-301F-11D3-BF4B-00C04F79EFBC}") = "truckplanner-app", "truckplanner-app\truckplanner-app.csproj", "{7ED6896E-EF9D-45D3-853B-D6BBBA7DC4D9}"
EndProject
Project("{FAE04EC0-301F-11D3-BF4B-00C04F79EFBC}") = "truckplanner-model", "model\truckplanner-model.csproj", "{4E45DE17-8597-41D3-AA47-0DCD4342938F}"
EndProject
Project("{FAE04EC0-301F-11D3-BF4B-00C04F79EFBC}") = "truckplanner-business", "truckplanner-business\truckplanner-business.csproj", "{82EBD091-8227-4786-BAA6-E7CF037E3A98}"
EndProject
Project("{FAE04EC0-301F-11D3-BF4B-00C04F79EFBC}") = "tests", "tests\tests.csproj", "{91015614-3FA7-435D-898A-05A1D4676E3D}"
EndProject
Global
	GlobalSection(SolutionConfigurationPlatforms) = preSolution
		Debug|Any CPU = Debug|Any CPU
		Release|Any CPU = Release|Any CPU
	EndGlobalSection
	GlobalSection(ProjectConfigurationPlatforms) = postSolution
		{7ED6896E-EF9D-45D3-853B-D6BBBA7DC4D9}.Debug|Any CPU.ActiveCfg = Debug|Any CPU
		{7ED6896E-EF9D-45D3-853B-D6BBBA7DC4D9}.Debug|Any CPU.Build.0 = Debug|Any CPU
		{7ED6896E-EF9D-45D3-853B-D6BBBA7DC4D9}.Release|Any CPU.ActiveCfg = Release|Any CPU
		{7ED6896E-EF9D-45D3-853B-D6BBBA7DC4D9}.Release|Any CPU.Build.0 = Release|Any CPU
		{4E45DE17-8597-41D3-AA47-0DCD4342938F}.Debug|Any CPU.ActiveCfg = Debug|Any CPU
		{4E45DE17-8597-41D3-AA47-0DCD4342938F}.Debug|Any CPU.Build.0 = Debug|Any CPU
		{4E45DE17-8597-41D3-AA47-0DCD4342938F}.Release|Any CPU.ActiveCfg = Release|Any CPU
		{4E45DE17-8597-41D3-AA47-0DCD4342938F}.Release|Any CPU.Build.0 = Release|Any CPU
		{82EBD091-8227-4786-BAA6-E7CF037E3A98}.Debug|Any CPU.ActiveCfg = Debug|Any CPU
		{82EBD091-8227-4786-BAA6-E7CF037E3A98}.Debug|Any CPU.Build.0 = Debug|Any CPU
		{82EBD091-8227-4786-BAA6-E7CF037E3A98}.Release|Any CPU.ActiveCfg = Release|Any CPU
		{82EBD091-8227-4786-BAA6-E7CF037E3A98}.Release|Any CPU.Build.0 = Release|Any CPU
		{91015614-3FA7-435D-898A-05A1D4676E3D}.Debug|Any CPU.ActiveCfg = Debug|Any CPU
		{91015614-3FA7-435D-898A-05A1D4676E3D}.Debug|Any CPU.Build.0 = Debug|Any CPU
		{91015614-3FA7-435D-898A-05A1D4676E3D}.Release|Any CPU.ActiveCfg = Release|Any CPU
		{91015614-3FA7-435D-898A-05A1D4676E3D}.Release|Any CPU.Build.0 = Release|Any CPU
	EndGlobalSection
EndGlobal
